// !$*UTF8*$!
{
	archiveVersion = 1;
	classes = {
	};
	objectVersion = 55;
	objects = {

/* Begin PBXBuildFile section */
		4304B65727EA2B8E008D1333 /* EmployeeDirectory.xcdatamodeld in Sources */ = {isa = PBXBuildFile; fileRef = 4304B65527EA2B8E008D1333 /* EmployeeDirectory.xcdatamodeld */; };
		4304B65927EA2C15008D1333 /* CoreDataHelper.swift in Sources */ = {isa = PBXBuildFile; fileRef = 4304B65827EA2C15008D1333 /* CoreDataHelper.swift */; };
		4314AA0227B97B2100EC3EB6 /* AppDelegate.swift in Sources */ = {isa = PBXBuildFile; fileRef = 4314AA0127B97B2100EC3EB6 /* AppDelegate.swift */; };
		4314AA0427B97B2100EC3EB6 /* SceneDelegate.swift in Sources */ = {isa = PBXBuildFile; fileRef = 4314AA0327B97B2100EC3EB6 /* SceneDelegate.swift */; };
		4314AA0627B97B2100EC3EB6 /* EmployeeListViewController.swift in Sources */ = {isa = PBXBuildFile; fileRef = 4314AA0527B97B2100EC3EB6 /* EmployeeListViewController.swift */; };
		4314AA0927B97B2100EC3EB6 /* Main.storyboard in Resources */ = {isa = PBXBuildFile; fileRef = 4314AA0727B97B2100EC3EB6 /* Main.storyboard */; };
		4314AA0B27B97B2500EC3EB6 /* Assets.xcassets in Resources */ = {isa = PBXBuildFile; fileRef = 4314AA0A27B97B2500EC3EB6 /* Assets.xcassets */; };
		4314AA0E27B97B2500EC3EB6 /* LaunchScreen.storyboard in Resources */ = {isa = PBXBuildFile; fileRef = 4314AA0C27B97B2500EC3EB6 /* LaunchScreen.storyboard */; };
		4321532127C481F000BC1F64 /* EmployeeTableViewCellViewModel.swift in Sources */ = {isa = PBXBuildFile; fileRef = 4321532027C481F000BC1F64 /* EmployeeTableViewCellViewModel.swift */; };
		43BCA8AD27C4176D00E76D87 /* EmployeeDirectoryApi in Frameworks */ = {isa = PBXBuildFile; productRef = 43BCA8AC27C4176D00E76D87 /* EmployeeDirectoryApi */; };
		43BCA8B227C418F400E76D87 /* EmployeeTableViewCell.swift in Sources */ = {isa = PBXBuildFile; fileRef = 43BCA8B027C418F400E76D87 /* EmployeeTableViewCell.swift */; };
		43BCA8B327C418F400E76D87 /* EmployeeTableViewCell.xib in Resources */ = {isa = PBXBuildFile; fileRef = 43BCA8B127C418F400E76D87 /* EmployeeTableViewCell.xib */; };
		43BCA8B627C41BB500E76D87 /* SDWebImage in Frameworks */ = {isa = PBXBuildFile; productRef = 43BCA8B527C41BB500E76D87 /* SDWebImage */; };
		43BCA8B827C4240700E76D87 /* EmployeeListViewModel.swift in Sources */ = {isa = PBXBuildFile; fileRef = 43BCA8B727C4240700E76D87 /* EmployeeListViewModel.swift */; };
		43BCA8BC27C429A600E76D87 /* English.strings in Resources */ = {isa = PBXBuildFile; fileRef = 43BCA8BB27C429A600E76D87 /* English.strings */; };
		43BCA8BF27C43AE200E76D87 /* ImageLoader.swift in Sources */ = {isa = PBXBuildFile; fileRef = 43BCA8BE27C43AE200E76D87 /* ImageLoader.swift */; };
		43BCA8C427C466EE00E76D87 /* EmployeeListViewModelTests.swift in Sources */ = {isa = PBXBuildFile; fileRef = 43BCA8C327C466EE00E76D87 /* EmployeeListViewModelTests.swift */; };
		43BCA8C627C4678C00E76D87 /* ImageLoaderTests.swift in Sources */ = {isa = PBXBuildFile; fileRef = 43BCA8C527C4678C00E76D87 /* ImageLoaderTests.swift */; };
		43BCA8C827C467A800E76D87 /* EmployeeTableViewCellViewModelTests.swift in Sources */ = {isa = PBXBuildFile; fileRef = 43BCA8C727C467A800E76D87 /* EmployeeTableViewCellViewModelTests.swift */; };
		43BCA8CC27C4760B00E76D87 /* Api.swift in Sources */ = {isa = PBXBuildFile; fileRef = 43BCA8CB27C4760B00E76D87 /* Api.swift */; };
/* End PBXBuildFile section */

/* Begin PBXContainerItemProxy section */
		4314AA1527B97B2600EC3EB6 /* PBXContainerItemProxy */ = {
			isa = PBXContainerItemProxy;
			containerPortal = 4314A9F627B97B2100EC3EB6 /* Project object */;
			proxyType = 1;
			remoteGlobalIDString = 4314A9FD27B97B2100EC3EB6;
			remoteInfo = "Employee Directory";
		};
/* End PBXContainerItemProxy section */

/* Begin PBXFileReference section */
		4304B65627EA2B8E008D1333 /* EmployeeDirectory.xcdatamodel */ = {isa = PBXFileReference; lastKnownFileType = wrapper.xcdatamodel; path = EmployeeDirectory.xcdatamodel; sourceTree = "<group>"; };
		4304B65827EA2C15008D1333 /* CoreDataHelper.swift */ = {isa = PBXFileReference; lastKnownFileType = sourcecode.swift; path = CoreDataHelper.swift; sourceTree = "<group>"; };
		4314A9FE27B97B2100EC3EB6 /* Employee Directory.app */ = {isa = PBXFileReference; explicitFileType = wrapper.application; includeInIndex = 0; path = "Employee Directory.app"; sourceTree = BUILT_PRODUCTS_DIR; };
		4314AA0127B97B2100EC3EB6 /* AppDelegate.swift */ = {isa = PBXFileReference; lastKnownFileType = sourcecode.swift; path = AppDelegate.swift; sourceTree = "<group>"; };
		4314AA0327B97B2100EC3EB6 /* SceneDelegate.swift */ = {isa = PBXFileReference; lastKnownFileType = sourcecode.swift; path = SceneDelegate.swift; sourceTree = "<group>"; };
		4314AA0527B97B2100EC3EB6 /* EmployeeListViewController.swift */ = {isa = PBXFileReference; lastKnownFileType = sourcecode.swift; path = EmployeeListViewController.swift; sourceTree = "<group>"; };
		4314AA0827B97B2100EC3EB6 /* Base */ = {isa = PBXFileReference; lastKnownFileType = file.storyboard; name = Base; path = Base.lproj/Main.storyboard; sourceTree = "<group>"; };
		4314AA0A27B97B2500EC3EB6 /* Assets.xcassets */ = {isa = PBXFileReference; lastKnownFileType = folder.assetcatalog; path = Assets.xcassets; sourceTree = "<group>"; };
		4314AA0D27B97B2500EC3EB6 /* Base */ = {isa = PBXFileReference; lastKnownFileType = file.storyboard; name = Base; path = Base.lproj/LaunchScreen.storyboard; sourceTree = "<group>"; };
		4314AA0F27B97B2500EC3EB6 /* Info.plist */ = {isa = PBXFileReference; lastKnownFileType = text.plist.xml; path = Info.plist; sourceTree = "<group>"; };
		4314AA1427B97B2600EC3EB6 /* Employee DirectoryTests.xctest */ = {isa = PBXFileReference; explicitFileType = wrapper.cfbundle; includeInIndex = 0; path = "Employee DirectoryTests.xctest"; sourceTree = BUILT_PRODUCTS_DIR; };
		4321532027C481F000BC1F64 /* EmployeeTableViewCellViewModel.swift */ = {isa = PBXFileReference; lastKnownFileType = sourcecode.swift; path = EmployeeTableViewCellViewModel.swift; sourceTree = "<group>"; };
		43BCA8B027C418F400E76D87 /* EmployeeTableViewCell.swift */ = {isa = PBXFileReference; lastKnownFileType = sourcecode.swift; path = EmployeeTableViewCell.swift; sourceTree = "<group>"; };
		43BCA8B127C418F400E76D87 /* EmployeeTableViewCell.xib */ = {isa = PBXFileReference; lastKnownFileType = file.xib; path = EmployeeTableViewCell.xib; sourceTree = "<group>"; };
		43BCA8B727C4240700E76D87 /* EmployeeListViewModel.swift */ = {isa = PBXFileReference; lastKnownFileType = sourcecode.swift; path = EmployeeListViewModel.swift; sourceTree = "<group>"; };
		43BCA8BB27C429A600E76D87 /* English.strings */ = {isa = PBXFileReference; lastKnownFileType = text.plist.strings; path = English.strings; sourceTree = "<group>"; };
		43BCA8BE27C43AE200E76D87 /* ImageLoader.swift */ = {isa = PBXFileReference; lastKnownFileType = sourcecode.swift; path = ImageLoader.swift; sourceTree = "<group>"; };
		43BCA8C327C466EE00E76D87 /* EmployeeListViewModelTests.swift */ = {isa = PBXFileReference; lastKnownFileType = sourcecode.swift; path = EmployeeListViewModelTests.swift; sourceTree = "<group>"; };
		43BCA8C527C4678C00E76D87 /* ImageLoaderTests.swift */ = {isa = PBXFileReference; lastKnownFileType = sourcecode.swift; path = ImageLoaderTests.swift; sourceTree = "<group>"; };
		43BCA8C727C467A800E76D87 /* EmployeeTableViewCellViewModelTests.swift */ = {isa = PBXFileReference; lastKnownFileType = sourcecode.swift; path = EmployeeTableViewCellViewModelTests.swift; sourceTree = "<group>"; };
		43BCA8CB27C4760B00E76D87 /* Api.swift */ = {isa = PBXFileReference; lastKnownFileType = sourcecode.swift; path = Api.swift; sourceTree = "<group>"; };
/* End PBXFileReference section */

/* Begin PBXFrameworksBuildPhase section */
		4314A9FB27B97B2100EC3EB6 /* Frameworks */ = {
			isa = PBXFrameworksBuildPhase;
			buildActionMask = 2147483647;
			files = (
				43BCA8B627C41BB500E76D87 /* SDWebImage in Frameworks */,
				43BCA8AD27C4176D00E76D87 /* EmployeeDirectoryApi in Frameworks */,
			);
			runOnlyForDeploymentPostprocessing = 0;
		};
		4314AA1127B97B2600EC3EB6 /* Frameworks */ = {
			isa = PBXFrameworksBuildPhase;
			buildActionMask = 2147483647;
			files = (
			);
			runOnlyForDeploymentPostprocessing = 0;
		};
/* End PBXFrameworksBuildPhase section */

/* Begin PBXGroup section */
		4314A9F527B97B2100EC3EB6 = {
			isa = PBXGroup;
			children = (
				4314AA0027B97B2100EC3EB6 /* Employee Directory */,
				4314AA1727B97B2600EC3EB6 /* Employee DirectoryTests */,
				4314A9FF27B97B2100EC3EB6 /* Products */,
			);
			sourceTree = "<group>";
		};
		4314A9FF27B97B2100EC3EB6 /* Products */ = {
			isa = PBXGroup;
			children = (
				4314A9FE27B97B2100EC3EB6 /* Employee Directory.app */,
				4314AA1427B97B2600EC3EB6 /* Employee DirectoryTests.xctest */,
			);
			name = Products;
			sourceTree = "<group>";
		};
		4314AA0027B97B2100EC3EB6 /* Employee Directory */ = {
			isa = PBXGroup;
			children = (
				43BCA8AF27C418A700E76D87 /* App */,
				43BCA8AE27C4188400E76D87 /* Employee List View */,
				43BCA8BD27C43AD400E76D87 /* Helpers */,
				4314AA0A27B97B2500EC3EB6 /* Assets.xcassets */,
				4314AA0C27B97B2500EC3EB6 /* LaunchScreen.storyboard */,
				4314AA0F27B97B2500EC3EB6 /* Info.plist */,
				43BCA8BB27C429A600E76D87 /* English.strings */,
				4304B65527EA2B8E008D1333 /* EmployeeDirectory.xcdatamodeld */,
			);
			path = "Employee Directory";
			sourceTree = "<group>";
		};
		4314AA1727B97B2600EC3EB6 /* Employee DirectoryTests */ = {
			isa = PBXGroup;
			children = (
				43BCA8C327C466EE00E76D87 /* EmployeeListViewModelTests.swift */,
				43BCA8C727C467A800E76D87 /* EmployeeTableViewCellViewModelTests.swift */,
				43BCA8C527C4678C00E76D87 /* ImageLoaderTests.swift */,
			);
			path = "Employee DirectoryTests";
			sourceTree = "<group>";
		};
		43BCA8AE27C4188400E76D87 /* Employee List View */ = {
			isa = PBXGroup;
			children = (
				4314AA0727B97B2100EC3EB6 /* Main.storyboard */,
				4314AA0527B97B2100EC3EB6 /* EmployeeListViewController.swift */,
				43BCA8B027C418F400E76D87 /* EmployeeTableViewCell.swift */,
				43BCA8B127C418F400E76D87 /* EmployeeTableViewCell.xib */,
				43BCA8B727C4240700E76D87 /* EmployeeListViewModel.swift */,
				4321532027C481F000BC1F64 /* EmployeeTableViewCellViewModel.swift */,
			);
			path = "Employee List View";
			sourceTree = "<group>";
		};
		43BCA8AF27C418A700E76D87 /* App */ = {
			isa = PBXGroup;
			children = (
				4314AA0127B97B2100EC3EB6 /* AppDelegate.swift */,
				4314AA0327B97B2100EC3EB6 /* SceneDelegate.swift */,
				43BCA8CB27C4760B00E76D87 /* Api.swift */,
			);
			path = App;
			sourceTree = "<group>";
		};
		43BCA8BD27C43AD400E76D87 /* Helpers */ = {
			isa = PBXGroup;
			children = (
				43BCA8BE27C43AE200E76D87 /* ImageLoader.swift */,
				4304B65827EA2C15008D1333 /* CoreDataHelper.swift */,
			);
			path = Helpers;
			sourceTree = "<group>";
		};
/* End PBXGroup section */

/* Begin PBXNativeTarget section */
		4314A9FD27B97B2100EC3EB6 /* Employee Directory */ = {
			isa = PBXNativeTarget;
			buildConfigurationList = 4314AA2827B97B2600EC3EB6 /* Build configuration list for PBXNativeTarget "Employee Directory" */;
			buildPhases = (
				4314A9FA27B97B2100EC3EB6 /* Sources */,
				4314A9FB27B97B2100EC3EB6 /* Frameworks */,
				4314A9FC27B97B2100EC3EB6 /* Resources */,
			);
			buildRules = (
			);
			dependencies = (
			);
			name = "Employee Directory";
			packageProductDependencies = (
				43BCA8AC27C4176D00E76D87 /* EmployeeDirectoryApi */,
				43BCA8B527C41BB500E76D87 /* SDWebImage */,
			);
			productName = "Employee Directory";
			productReference = 4314A9FE27B97B2100EC3EB6 /* Employee Directory.app */;
			productType = "com.apple.product-type.application";
		};
		4314AA1327B97B2600EC3EB6 /* Employee DirectoryTests */ = {
			isa = PBXNativeTarget;
			buildConfigurationList = 4314AA2B27B97B2600EC3EB6 /* Build configuration list for PBXNativeTarget "Employee DirectoryTests" */;
			buildPhases = (
				4314AA1027B97B2600EC3EB6 /* Sources */,
				4314AA1127B97B2600EC3EB6 /* Frameworks */,
				4314AA1227B97B2600EC3EB6 /* Resources */,
			);
			buildRules = (
			);
			dependencies = (
				4314AA1627B97B2600EC3EB6 /* PBXTargetDependency */,
			);
			name = "Employee DirectoryTests";
			productName = "Employee DirectoryTests";
			productReference = 4314AA1427B97B2600EC3EB6 /* Employee DirectoryTests.xctest */;
			productType = "com.apple.product-type.bundle.unit-test";
		};
/* End PBXNativeTarget section */

/* Begin PBXProject section */
		4314A9F627B97B2100EC3EB6 /* Project object */ = {
			isa = PBXProject;
			attributes = {
				BuildIndependentTargetsInParallel = 1;
				LastSwiftUpdateCheck = 1320;
				LastUpgradeCheck = 1320;
				TargetAttributes = {
					4314A9FD27B97B2100EC3EB6 = {
						CreatedOnToolsVersion = 13.2.1;
					};
					4314AA1327B97B2600EC3EB6 = {
						CreatedOnToolsVersion = 13.2.1;
						TestTargetID = 4314A9FD27B97B2100EC3EB6;
					};
				};
			};
			buildConfigurationList = 4314A9F927B97B2100EC3EB6 /* Build configuration list for PBXProject "Employee Directory" */;
			compatibilityVersion = "Xcode 13.0";
			developmentRegion = en;
			hasScannedForEncodings = 0;
			knownRegions = (
				en,
				Base,
			);
			mainGroup = 4314A9F527B97B2100EC3EB6;
			packageReferences = (
				43BCA8AB27C4176D00E76D87 /* XCRemoteSwiftPackageReference "employee-directory-api" */,
				43BCA8B427C41BB500E76D87 /* XCRemoteSwiftPackageReference "SDWebImage" */,
			);
			productRefGroup = 4314A9FF27B97B2100EC3EB6 /* Products */;
			projectDirPath = "";
			projectRoot = "";
			targets = (
				4314A9FD27B97B2100EC3EB6 /* Employee Directory */,
				4314AA1327B97B2600EC3EB6 /* Employee DirectoryTests */,
			);
		};
/* End PBXProject section */

/* Begin PBXResourcesBuildPhase section */
		4314A9FC27B97B2100EC3EB6 /* Resources */ = {
			isa = PBXResourcesBuildPhase;
			buildActionMask = 2147483647;
			files = (
				4314AA0E27B97B2500EC3EB6 /* LaunchScreen.storyboard in Resources */,
				43BCA8B327C418F400E76D87 /* EmployeeTableViewCell.xib in Resources */,
				43BCA8BC27C429A600E76D87 /* English.strings in Resources */,
				4314AA0B27B97B2500EC3EB6 /* Assets.xcassets in Resources */,
				4314AA0927B97B2100EC3EB6 /* Main.storyboard in Resources */,
			);
			runOnlyForDeploymentPostprocessing = 0;
		};
		4314AA1227B97B2600EC3EB6 /* Resources */ = {
			isa = PBXResourcesBuildPhase;
			buildActionMask = 2147483647;
			files = (
			);
			runOnlyForDeploymentPostprocessing = 0;
		};
/* End PBXResourcesBuildPhase section */

/* Begin PBXSourcesBuildPhase section */
		4314A9FA27B97B2100EC3EB6 /* Sources */ = {
			isa = PBXSourcesBuildPhase;
			buildActionMask = 2147483647;
			files = (
				4304B65927EA2C15008D1333 /* CoreDataHelper.swift in Sources */,
				4314AA0627B97B2100EC3EB6 /* EmployeeListViewController.swift in Sources */,
				4304B65727EA2B8E008D1333 /* EmployeeDirectory.xcdatamodeld in Sources */,
				43BCA8B827C4240700E76D87 /* EmployeeListViewModel.swift in Sources */,
				43BCA8BF27C43AE200E76D87 /* ImageLoader.swift in Sources */,
				43BCA8B227C418F400E76D87 /* EmployeeTableViewCell.swift in Sources */,
				4314AA0227B97B2100EC3EB6 /* AppDelegate.swift in Sources */,
				43BCA8CC27C4760B00E76D87 /* Api.swift in Sources */,
				4321532127C481F000BC1F64 /* EmployeeTableViewCellViewModel.swift in Sources */,
				4314AA0427B97B2100EC3EB6 /* SceneDelegate.swift in Sources */,
			);
			runOnlyForDeploymentPostprocessing = 0;
		};
		4314AA1027B97B2600EC3EB6 /* Sources */ = {
			isa = PBXSourcesBuildPhase;
			buildActionMask = 2147483647;
			files = (
				43BCA8C827C467A800E76D87 /* EmployeeTableViewCellViewModelTests.swift in Sources */,
				43BCA8C627C4678C00E76D87 /* ImageLoaderTests.swift in Sources */,
				43BCA8C427C466EE00E76D87 /* EmployeeListViewModelTests.swift in Sources */,
			);
			runOnlyForDeploymentPostprocessing = 0;
		};
/* End PBXSourcesBuildPhase section */

/* Begin PBXTargetDependency section */
		4314AA1627B97B2600EC3EB6 /* PBXTargetDependency */ = {
			isa = PBXTargetDependency;
			target = 4314A9FD27B97B2100EC3EB6 /* Employee Directory */;
			targetProxy = 4314AA1527B97B2600EC3EB6 /* PBXContainerItemProxy */;
		};
/* End PBXTargetDependency section */

/* Begin PBXVariantGroup section */
		4314AA0727B97B2100EC3EB6 /* Main.storyboard */ = {
			isa = PBXVariantGroup;
			children = (
				4314AA0827B97B2100EC3EB6 /* Base */,
			);
			name = Main.storyboard;
			sourceTree = "<group>";
		};
		4314AA0C27B97B2500EC3EB6 /* LaunchScreen.storyboard */ = {
			isa = PBXVariantGroup;
			children = (
				4314AA0D27B97B2500EC3EB6 /* Base */,
			);
			name = LaunchScreen.storyboard;
			sourceTree = "<group>";
		};
/* End PBXVariantGroup section */

/* Begin XCBuildConfiguration section */
		4314AA2627B97B2600EC3EB6 /* Debug */ = {
			isa = XCBuildConfiguration;
			buildSettings = {
				ALWAYS_SEARCH_USER_PATHS = NO;
				CLANG_ANALYZER_LOCALIZABILITY_NONLOCALIZED = YES;
				CLANG_ANALYZER_NONNULL = YES;
				CLANG_ANALYZER_NUMBER_OBJECT_CONVERSION = YES_AGGRESSIVE;
				CLANG_CXX_LANGUAGE_STANDARD = "gnu++17";
				CLANG_CXX_LIBRARY = "libc++";
				CLANG_ENABLE_MODULES = YES;
				CLANG_ENABLE_OBJC_ARC = YES;
				CLANG_ENABLE_OBJC_WEAK = YES;
				CLANG_WARN_BLOCK_CAPTURE_AUTORELEASING = YES;
				CLANG_WARN_BOOL_CONVERSION = YES;
				CLANG_WARN_COMMA = YES;
				CLANG_WARN_CONSTANT_CONVERSION = YES;
				CLANG_WARN_DEPRECATED_OBJC_IMPLEMENTATIONS = YES;
				CLANG_WARN_DIRECT_OBJC_ISA_USAGE = YES_ERROR;
				CLANG_WARN_DOCUMENTATION_COMMENTS = YES;
				CLANG_WARN_EMPTY_BODY = YES;
				CLANG_WARN_ENUM_CONVERSION = YES;
				CLANG_WARN_INFINITE_RECURSION = YES;
				CLANG_WARN_INT_CONVERSION = YES;
				CLANG_WARN_NON_LITERAL_NULL_CONVERSION = YES;
				CLANG_WARN_OBJC_IMPLICIT_RETAIN_SELF = YES;
				CLANG_WARN_OBJC_LITERAL_CONVERSION = YES;
				CLANG_WARN_OBJC_ROOT_CLASS = YES_ERROR;
				CLANG_WARN_QUOTED_INCLUDE_IN_FRAMEWORK_HEADER = YES;
				CLANG_WARN_RANGE_LOOP_ANALYSIS = YES;
				CLANG_WARN_STRICT_PROTOTYPES = YES;
				CLANG_WARN_SUSPICIOUS_MOVE = YES;
				CLANG_WARN_UNGUARDED_AVAILABILITY = YES_AGGRESSIVE;
				CLANG_WARN_UNREACHABLE_CODE = YES;
				CLANG_WARN__DUPLICATE_METHOD_MATCH = YES;
				COPY_PHASE_STRIP = NO;
				DEBUG_INFORMATION_FORMAT = dwarf;
				ENABLE_STRICT_OBJC_MSGSEND = YES;
				ENABLE_TESTABILITY = YES;
				GCC_C_LANGUAGE_STANDARD = gnu11;
				GCC_DYNAMIC_NO_PIC = NO;
				GCC_NO_COMMON_BLOCKS = YES;
				GCC_OPTIMIZATION_LEVEL = 0;
				GCC_PREPROCESSOR_DEFINITIONS = (
					"DEBUG=1",
					"$(inherited)",
				);
				GCC_WARN_64_TO_32_BIT_CONVERSION = YES;
				GCC_WARN_ABOUT_RETURN_TYPE = YES_ERROR;
				GCC_WARN_UNDECLARED_SELECTOR = YES;
				GCC_WARN_UNINITIALIZED_AUTOS = YES_AGGRESSIVE;
				GCC_WARN_UNUSED_FUNCTION = YES;
				GCC_WARN_UNUSED_VARIABLE = YES;
				IPHONEOS_DEPLOYMENT_TARGET = 15.2;
				MTL_ENABLE_DEBUG_INFO = INCLUDE_SOURCE;
				MTL_FAST_MATH = YES;
				ONLY_ACTIVE_ARCH = YES;
				SDKROOT = iphoneos;
				SWIFT_ACTIVE_COMPILATION_CONDITIONS = DEBUG;
				SWIFT_OPTIMIZATION_LEVEL = "-Onone";
			};
			name = Debug;
		};
		4314AA2727B97B2600EC3EB6 /* Release */ = {
			isa = XCBuildConfiguration;
			buildSettings = {
				ALWAYS_SEARCH_USER_PATHS = NO;
				CLANG_ANALYZER_LOCALIZABILITY_NONLOCALIZED = YES;
				CLANG_ANALYZER_NONNULL = YES;
				CLANG_ANALYZER_NUMBER_OBJECT_CONVERSION = YES_AGGRESSIVE;
				CLANG_CXX_LANGUAGE_STANDARD = "gnu++17";
				CLANG_CXX_LIBRARY = "libc++";
				CLANG_ENABLE_MODULES = YES;
				CLANG_ENABLE_OBJC_ARC = YES;
				CLANG_ENABLE_OBJC_WEAK = YES;
				CLANG_WARN_BLOCK_CAPTURE_AUTORELEASING = YES;
				CLANG_WARN_BOOL_CONVERSION = YES;
				CLANG_WARN_COMMA = YES;
				CLANG_WARN_CONSTANT_CONVERSION = YES;
				CLANG_WARN_DEPRECATED_OBJC_IMPLEMENTATIONS = YES;
				CLANG_WARN_DIRECT_OBJC_ISA_USAGE = YES_ERROR;
				CLANG_WARN_DOCUMENTATION_COMMENTS = YES;
				CLANG_WARN_EMPTY_BODY = YES;
				CLANG_WARN_ENUM_CONVERSION = YES;
				CLANG_WARN_INFINITE_RECURSION = YES;
				CLANG_WARN_INT_CONVERSION = YES;
				CLANG_WARN_NON_LITERAL_NULL_CONVERSION = YES;
				CLANG_WARN_OBJC_IMPLICIT_RETAIN_SELF = YES;
				CLANG_WARN_OBJC_LITERAL_CONVERSION = YES;
				CLANG_WARN_OBJC_ROOT_CLASS = YES_ERROR;
				CLANG_WARN_QUOTED_INCLUDE_IN_FRAMEWORK_HEADER = YES;
				CLANG_WARN_RANGE_LOOP_ANALYSIS = YES;
				CLANG_WARN_STRICT_PROTOTYPES = YES;
				CLANG_WARN_SUSPICIOUS_MOVE = YES;
				CLANG_WARN_UNGUARDED_AVAILABILITY = YES_AGGRESSIVE;
				CLANG_WARN_UNREACHABLE_CODE = YES;
				CLANG_WARN__DUPLICATE_METHOD_MATCH = YES;
				COPY_PHASE_STRIP = NO;
				DEBUG_INFORMATION_FORMAT = "dwarf-with-dsym";
				ENABLE_NS_ASSERTIONS = NO;
				ENABLE_STRICT_OBJC_MSGSEND = YES;
				GCC_C_LANGUAGE_STANDARD = gnu11;
				GCC_NO_COMMON_BLOCKS = YES;
				GCC_WARN_64_TO_32_BIT_CONVERSION = YES;
				GCC_WARN_ABOUT_RETURN_TYPE = YES_ERROR;
				GCC_WARN_UNDECLARED_SELECTOR = YES;
				GCC_WARN_UNINITIALIZED_AUTOS = YES_AGGRESSIVE;
				GCC_WARN_UNUSED_FUNCTION = YES;
				GCC_WARN_UNUSED_VARIABLE = YES;
				IPHONEOS_DEPLOYMENT_TARGET = 15.2;
				MTL_ENABLE_DEBUG_INFO = NO;
				MTL_FAST_MATH = YES;
				SDKROOT = iphoneos;
				SWIFT_COMPILATION_MODE = wholemodule;
				SWIFT_OPTIMIZATION_LEVEL = "-O";
				VALIDATE_PRODUCT = YES;
			};
			name = Release;
		};
		4314AA2927B97B2600EC3EB6 /* Debug */ = {
			isa = XCBuildConfiguration;
			buildSettings = {
				ASSETCATALOG_COMPILER_APPICON_NAME = AppIcon;
				ASSETCATALOG_COMPILER_GLOBAL_ACCENT_COLOR_NAME = AccentColor;
				CODE_SIGN_STYLE = Automatic;
				CURRENT_PROJECT_VERSION = 1;
				DEVELOPMENT_TEAM = 7P7TXGEBT4;
				GENERATE_INFOPLIST_FILE = YES;
				INFOPLIST_FILE = "Employee Directory/Info.plist";
				INFOPLIST_KEY_UIApplicationSupportsIndirectInputEvents = YES;
				INFOPLIST_KEY_UILaunchStoryboardName = LaunchScreen;
				INFOPLIST_KEY_UIMainStoryboardFile = Main;
				INFOPLIST_KEY_UISupportedInterfaceOrientations_iPad = "UIInterfaceOrientationPortrait UIInterfaceOrientationPortraitUpsideDown UIInterfaceOrientationLandscapeLeft UIInterfaceOrientationLandscapeRight";
				INFOPLIST_KEY_UISupportedInterfaceOrientations_iPhone = "UIInterfaceOrientationPortrait UIInterfaceOrientationLandscapeLeft UIInterfaceOrientationLandscapeRight";
				LD_RUNPATH_SEARCH_PATHS = (
					"$(inherited)",
					"@executable_path/Frameworks",
				);
				MARKETING_VERSION = 1.0;
				PRODUCT_BUNDLE_IDENTIFIER = "com.dittmar.Employee-Directory";
				PRODUCT_NAME = "$(TARGET_NAME)";
				SWIFT_EMIT_LOC_STRINGS = YES;
				SWIFT_VERSION = 5.0;
				TARGETED_DEVICE_FAMILY = 1;
			};
			name = Debug;
		};
		4314AA2A27B97B2600EC3EB6 /* Release */ = {
			isa = XCBuildConfiguration;
			buildSettings = {
				ASSETCATALOG_COMPILER_APPICON_NAME = AppIcon;
				ASSETCATALOG_COMPILER_GLOBAL_ACCENT_COLOR_NAME = AccentColor;
				CODE_SIGN_STYLE = Automatic;
				CURRENT_PROJECT_VERSION = 1;
				DEVELOPMENT_TEAM = 7P7TXGEBT4;
				GENERATE_INFOPLIST_FILE = YES;
				INFOPLIST_FILE = "Employee Directory/Info.plist";
				INFOPLIST_KEY_UIApplicationSupportsIndirectInputEvents = YES;
				INFOPLIST_KEY_UILaunchStoryboardName = LaunchScreen;
				INFOPLIST_KEY_UIMainStoryboardFile = Main;
				INFOPLIST_KEY_UISupportedInterfaceOrientations_iPad = "UIInterfaceOrientationPortrait UIInterfaceOrientationPortraitUpsideDown UIInterfaceOrientationLandscapeLeft UIInterfaceOrientationLandscapeRight";
				INFOPLIST_KEY_UISupportedInterfaceOrientations_iPhone = "UIInterfaceOrientationPortrait UIInterfaceOrientationLandscapeLeft UIInterfaceOrientationLandscapeRight";
				LD_RUNPATH_SEARCH_PATHS = (
					"$(inherited)",
					"@executable_path/Frameworks",
				);
				MARKETING_VERSION = 1.0;
				PRODUCT_BUNDLE_IDENTIFIER = "com.dittmar.Employee-Directory";
				PRODUCT_NAME = "$(TARGET_NAME)";
				SWIFT_EMIT_LOC_STRINGS = YES;
				SWIFT_VERSION = 5.0;
				TARGETED_DEVICE_FAMILY = 1;
			};
			name = Release;
		};
		4314AA2C27B97B2600EC3EB6 /* Debug */ = {
			isa = XCBuildConfiguration;
			buildSettings = {
				ALWAYS_EMBED_SWIFT_STANDARD_LIBRARIES = YES;
				BUNDLE_LOADER = "$(TEST_HOST)";
				CODE_SIGN_STYLE = Automatic;
				CURRENT_PROJECT_VERSION = 1;
				DEVELOPMENT_TEAM = 7P7TXGEBT4;
				GENERATE_INFOPLIST_FILE = YES;
				IPHONEOS_DEPLOYMENT_TARGET = 15.2;
				MARKETING_VERSION = 1.0;
				PRODUCT_BUNDLE_IDENTIFIER = "com.dittmar.Employee-DirectoryTests";
				PRODUCT_NAME = "$(TARGET_NAME)";
				SWIFT_EMIT_LOC_STRINGS = NO;
				SWIFT_VERSION = 5.0;
				TARGETED_DEVICE_FAMILY = "1,2";
				TEST_HOST = "$(BUILT_PRODUCTS_DIR)/Employee Directory.app/Employee Directory";
			};
			name = Debug;
		};
		4314AA2D27B97B2600EC3EB6 /* Release */ = {
			isa = XCBuildConfiguration;
			buildSettings = {
				ALWAYS_EMBED_SWIFT_STANDARD_LIBRARIES = YES;
				BUNDLE_LOADER = "$(TEST_HOST)";
				CODE_SIGN_STYLE = Automatic;
				CURRENT_PROJECT_VERSION = 1;
				DEVELOPMENT_TEAM = 7P7TXGEBT4;
				GENERATE_INFOPLIST_FILE = YES;
				IPHONEOS_DEPLOYMENT_TARGET = 15.2;
				MARKETING_VERSION = 1.0;
				PRODUCT_BUNDLE_IDENTIFIER = "com.dittmar.Employee-DirectoryTests";
				PRODUCT_NAME = "$(TARGET_NAME)";
				SWIFT_EMIT_LOC_STRINGS = NO;
				SWIFT_VERSION = 5.0;
				TARGETED_DEVICE_FAMILY = "1,2";
				TEST_HOST = "$(BUILT_PRODUCTS_DIR)/Employee Directory.app/Employee Directory";
			};
			name = Release;
		};
/* End XCBuildConfiguration section */

/* Begin XCConfigurationList section */
		4314A9F927B97B2100EC3EB6 /* Build configuration list for PBXProject "Employee Directory" */ = {
			isa = XCConfigurationList;
			buildConfigurations = (
				4314AA2627B97B2600EC3EB6 /* Debug */,
				4314AA2727B97B2600EC3EB6 /* Release */,
			);
			defaultConfigurationIsVisible = 0;
			defaultConfigurationName = Release;
		};
		4314AA2827B97B2600EC3EB6 /* Build configuration list for PBXNativeTarget "Employee Directory" */ = {
			isa = XCConfigurationList;
			buildConfigurations = (
				4314AA2927B97B2600EC3EB6 /* Debug */,
				4314AA2A27B97B2600EC3EB6 /* Release */,
			);
			defaultConfigurationIsVisible = 0;
			defaultConfigurationName = Release;
		};
		4314AA2B27B97B2600EC3EB6 /* Build configuration list for PBXNativeTarget "Employee DirectoryTests" */ = {
			isa = XCConfigurationList;
			buildConfigurations = (
				4314AA2C27B97B2600EC3EB6 /* Debug */,
				4314AA2D27B97B2600EC3EB6 /* Release */,
			);
			defaultConfigurationIsVisible = 0;
			defaultConfigurationName = Release;
		};
/* End XCConfigurationList section */

/* Begin XCRemoteSwiftPackageReference section */
		43BCA8AB27C4176D00E76D87 /* XCRemoteSwiftPackageReference "employee-directory-api" */ = {
			isa = XCRemoteSwiftPackageReference;
			repositoryURL = "https://github.com/dittmar/employee-directory-api.git";
			requirement = {
				branch = interview;
				kind = branch;
			};
		};
		43BCA8B427C41BB500E76D87 /* XCRemoteSwiftPackageReference "SDWebImage" */ = {
			isa = XCRemoteSwiftPackageReference;
			repositoryURL = "https://github.com/SDWebImage/SDWebImage.git";
			requirement = {
				kind = upToNextMajorVersion;
				minimumVersion = 5.0.0;
			};
		};
/* End XCRemoteSwiftPackageReference section */

/* Begin XCSwiftPackageProductDependency section */
		43BCA8AC27C4176D00E76D87 /* EmployeeDirectoryApi */ = {
			isa = XCSwiftPackageProductDependency;
			package = 43BCA8AB27C4176D00E76D87 /* XCRemoteSwiftPackageReference "employee-directory-api" */;
			productName = EmployeeDirectoryApi;
		};
		43BCA8B527C41BB500E76D87 /* SDWebImage */ = {
			isa = XCSwiftPackageProductDependency;
			package = 43BCA8B427C41BB500E76D87 /* XCRemoteSwiftPackageReference "SDWebImage" */;
			productName = SDWebImage;
		};
/* End XCSwiftPackageProductDependency section */

/* Begin XCVersionGroup section */
		4304B65527EA2B8E008D1333 /* EmployeeDirectory.xcdatamodeld */ = {
			isa = XCVersionGroup;
			children = (
				4304B65627EA2B8E008D1333 /* EmployeeDirectory.xcdatamodel */,
			);
			currentVersion = 4304B65627EA2B8E008D1333 /* EmployeeDirectory.xcdatamodel */;
			path = EmployeeDirectory.xcdatamodeld;
			sourceTree = "<group>";
			versionGroupType = wrapper.xcdatamodel;
		};
/* End XCVersionGroup section */
	};
	rootObject = 4314A9F627B97B2100EC3EB6 /* Project object */;
}
